
Microsoft Visual Studio Solution File, Format Version 12.00
# Visual Studio Version 17
VisualStudioVersion = 17.8.34525.116
MinimumVisualStudioVersion = 10.0.40219.1
Project("{FAE04EC0-301F-11D3-BF4B-00C04F79EFBC}") = "Tonnage", "Tonnage.csproj", "{236EB6AF-DFBF-4C48-8433-974857BE0974}"
EndProject
Global
	GlobalSection(SolutionConfigurationPlatforms) = preSolution
		Debug|Any CPU = Debug|Any CPU
		Release|Any CPU = Release|Any CPU
	EndGlobalSection
	GlobalSection(ProjectConfigurationPlatforms) = postSolution
		{236EB6AF-DFBF-4C48-8433-974857BE0974}.Debug|Any CPU.ActiveCfg = Debug|Any CPU
		{236EB6AF-DFBF-4C48-8433-974857BE0974}.Debug|Any CPU.Build.0 = Debug|Any CPU
		{236EB6AF-DFBF-4C48-8433-974857BE0974}.Release|Any CPU.ActiveCfg = Release|Any CPU
		{236EB6AF-DFBF-4C48-8433-974857BE0974}.Release|Any CPU.Build.0 = Release|Any CPU
	EndGlobalSection
	GlobalSection(SolutionProperties) = preSolution
		HideSolutionNode = FALSE
	EndGlobalSection
	GlobalSection(ExtensibilityGlobals) = postSolution
		SolutionGuid = {FA03317B-6151-4F9D-89DC-E408658FAE6E}
	EndGlobalSection
EndGlobal
